
Microsoft Visual Studio Solution File, Format Version 12.00
Project("{FAE04EC0-301F-11D3-BF4B-00C04F79EFBC}") = "MovieShopApplication", "MovieShopApplication\MovieShopApplication.csproj", "{4D3058D9-C949-4195-AE21-4152C95BB558}"
EndProject
Project("{FAE04EC0-301F-11D3-BF4B-00C04F79EFBC}") = "ApplicationCore", "ApplicationCore\ApplicationCore.csproj", "{09F9E747-B07A-4960-A739-664B37A7130D}"
EndProject
Project("{FAE04EC0-301F-11D3-BF4B-00C04F79EFBC}") = "Infrastructure", "Infrastructure\Infrastructure.csproj", "{E81F2313-C849-4847-9B14-74962CBDC816}"
EndProject
Global
	GlobalSection(SolutionConfigurationPlatforms) = preSolution
		Debug|Any CPU = Debug|Any CPU
		Release|Any CPU = Release|Any CPU
	EndGlobalSection
	GlobalSection(ProjectConfigurationPlatforms) = postSolution
		{4D3058D9-C949-4195-AE21-4152C95BB558}.Debug|Any CPU.ActiveCfg = Debug|Any CPU
		{4D3058D9-C949-4195-AE21-4152C95BB558}.Debug|Any CPU.Build.0 = Debug|Any CPU
		{4D3058D9-C949-4195-AE21-4152C95BB558}.Release|Any CPU.ActiveCfg = Release|Any CPU
		{4D3058D9-C949-4195-AE21-4152C95BB558}.Release|Any CPU.Build.0 = Release|Any CPU
		{09F9E747-B07A-4960-A739-664B37A7130D}.Debug|Any CPU.ActiveCfg = Debug|Any CPU
		{09F9E747-B07A-4960-A739-664B37A7130D}.Debug|Any CPU.Build.0 = Debug|Any CPU
		{09F9E747-B07A-4960-A739-664B37A7130D}.Release|Any CPU.ActiveCfg = Release|Any CPU
		{09F9E747-B07A-4960-A739-664B37A7130D}.Release|Any CPU.Build.0 = Release|Any CPU
		{E81F2313-C849-4847-9B14-74962CBDC816}.Debug|Any CPU.ActiveCfg = Debug|Any CPU
		{E81F2313-C849-4847-9B14-74962CBDC816}.Debug|Any CPU.Build.0 = Debug|Any CPU
		{E81F2313-C849-4847-9B14-74962CBDC816}.Release|Any CPU.ActiveCfg = Release|Any CPU
		{E81F2313-C849-4847-9B14-74962CBDC816}.Release|Any CPU.Build.0 = Release|Any CPU
	EndGlobalSection
EndGlobal
